
Microsoft Visual Studio Solution File, Format Version 12.00
# Visual Studio Version 17
VisualStudioVersion = 17.0.31903.59
MinimumVisualStudioVersion = 10.0.40219.1
Project("{FAE04EC0-301F-11D3-BF4B-00C04F79EFBC}") = "Multibots.Api", "Multibots.Api\Multibots.Api.csproj", "{EBAAE47D-35B1-45BF-8384-7DC3C772D0D1}"
EndProject
Project("{FAE04EC0-301F-11D3-BF4B-00C04F79EFBC}") = "Multibots.Api.Tests", "Multibots.Api.Tests\Multibots.Api.Tests.csproj", "{41CE8C3C-6B92-47AD-80FE-C7359D5693F3}"
EndProject
Global
	GlobalSection(SolutionConfigurationPlatforms) = preSolution
		Debug|Any CPU = Debug|Any CPU
		Debug|x64 = Debug|x64
		Debug|x86 = Debug|x86
		Release|Any CPU = Release|Any CPU
		Release|x64 = Release|x64
		Release|x86 = Release|x86
	EndGlobalSection
	GlobalSection(ProjectConfigurationPlatforms) = postSolution
		{EBAAE47D-35B1-45BF-8384-7DC3C772D0D1}.Debug|Any CPU.ActiveCfg = Debug|Any CPU
		{EBAAE47D-35B1-45BF-8384-7DC3C772D0D1}.Debug|Any CPU.Build.0 = Debug|Any CPU
		{EBAAE47D-35B1-45BF-8384-7DC3C772D0D1}.Debug|x64.ActiveCfg = Debug|Any CPU
		{EBAAE47D-35B1-45BF-8384-7DC3C772D0D1}.Debug|x64.Build.0 = Debug|Any CPU
		{EBAAE47D-35B1-45BF-8384-7DC3C772D0D1}.Debug|x86.ActiveCfg = Debug|Any CPU
		{EBAAE47D-35B1-45BF-8384-7DC3C772D0D1}.Debug|x86.Build.0 = Debug|Any CPU
		{EBAAE47D-35B1-45BF-8384-7DC3C772D0D1}.Release|Any CPU.ActiveCfg = Release|Any CPU
		{EBAAE47D-35B1-45BF-8384-7DC3C772D0D1}.Release|Any CPU.Build.0 = Release|Any CPU
		{EBAAE47D-35B1-45BF-8384-7DC3C772D0D1}.Release|x64.ActiveCfg = Release|Any CPU
		{EBAAE47D-35B1-45BF-8384-7DC3C772D0D1}.Release|x64.Build.0 = Release|Any CPU
		{EBAAE47D-35B1-45BF-8384-7DC3C772D0D1}.Release|x86.ActiveCfg = Release|Any CPU
		{EBAAE47D-35B1-45BF-8384-7DC3C772D0D1}.Release|x86.Build.0 = Release|Any CPU
		{41CE8C3C-6B92-47AD-80FE-C7359D5693F3}.Debug|Any CPU.ActiveCfg = Debug|Any CPU
		{41CE8C3C-6B92-47AD-80FE-C7359D5693F3}.Debug|Any CPU.Build.0 = Debug|Any CPU
		{41CE8C3C-6B92-47AD-80FE-C7359D5693F3}.Debug|x64.ActiveCfg = Debug|Any CPU
		{41CE8C3C-6B92-47AD-80FE-C7359D5693F3}.Debug|x64.Build.0 = Debug|Any CPU
		{41CE8C3C-6B92-47AD-80FE-C7359D5693F3}.Debug|x86.ActiveCfg = Debug|Any CPU
		{41CE8C3C-6B92-47AD-80FE-C7359D5693F3}.Debug|x86.Build.0 = Debug|Any CPU
		{41CE8C3C-6B92-47AD-80FE-C7359D5693F3}.Release|Any CPU.ActiveCfg = Release|Any CPU
		{41CE8C3C-6B92-47AD-80FE-C7359D5693F3}.Release|Any CPU.Build.0 = Release|Any CPU
		{41CE8C3C-6B92-47AD-80FE-C7359D5693F3}.Release|x64.ActiveCfg = Release|Any CPU
		{41CE8C3C-6B92-47AD-80FE-C7359D5693F3}.Release|x64.Build.0 = Release|Any CPU
		{41CE8C3C-6B92-47AD-80FE-C7359D5693F3}.Release|x86.ActiveCfg = Release|Any CPU
		{41CE8C3C-6B92-47AD-80FE-C7359D5693F3}.Release|x86.Build.0 = Release|Any CPU
	EndGlobalSection
	GlobalSection(SolutionProperties) = preSolution
		HideSolutionNode = FALSE
	EndGlobalSection
EndGlobal
